// !$*UTF8*$!
{
	archiveVersion = 1;
	classes = {
	};
	objectVersion = 56;
	objects = {

/* Begin PBXBuildFile section */
		1B31D32129F49216008C0AF3 /* TableViewCell2.swift in Sources */ = {isa = PBXBuildFile; fileRef = 1B31D31F29F49216008C0AF3 /* TableViewCell2.swift */; };
		1B31D32229F49216008C0AF3 /* TableViewCell2.xib in Resources */ = {isa = PBXBuildFile; fileRef = 1B31D32029F49216008C0AF3 /* TableViewCell2.xib */; };
		1B69F05429F3499D00C85B54 /* AppDelegate.swift in Sources */ = {isa = PBXBuildFile; fileRef = 1B69F05329F3499D00C85B54 /* AppDelegate.swift */; };
		1B69F05629F3499D00C85B54 /* SceneDelegate.swift in Sources */ = {isa = PBXBuildFile; fileRef = 1B69F05529F3499D00C85B54 /* SceneDelegate.swift */; };
		1B69F05B29F3499D00C85B54 /* Main.storyboard in Resources */ = {isa = PBXBuildFile; fileRef = 1B69F05929F3499D00C85B54 /* Main.storyboard */; };
		1B69F05D29F3499E00C85B54 /* Assets.xcassets in Resources */ = {isa = PBXBuildFile; fileRef = 1B69F05C29F3499E00C85B54 /* Assets.xcassets */; };
		1B69F06029F3499E00C85B54 /* LaunchScreen.storyboard in Resources */ = {isa = PBXBuildFile; fileRef = 1B69F05E29F3499E00C85B54 /* LaunchScreen.storyboard */; };
		1B69F06829F34C8900C85B54 /* HomeViewController.swift in Sources */ = {isa = PBXBuildFile; fileRef = 1B69F06729F34C8900C85B54 /* HomeViewController.swift */; };
		1B69F06A29F34C9B00C85B54 /* UploadImageViewController.swift in Sources */ = {isa = PBXBuildFile; fileRef = 1B69F06929F34C9B00C85B54 /* UploadImageViewController.swift */; };
		1B69F06C29F37DC700C85B54 /* UploadImageProtocol.swift in Sources */ = {isa = PBXBuildFile; fileRef = 1B69F06B29F37DC700C85B54 /* UploadImageProtocol.swift */; };
		1B69F06E29F3898900C85B54 /* TabBarViewController.swift in Sources */ = {isa = PBXBuildFile; fileRef = 1B69F06D29F3898800C85B54 /* TabBarViewController.swift */; };
		1B69F07029F3B76000C85B54 /* TableViewCell.swift in Sources */ = {isa = PBXBuildFile; fileRef = 1B69F06F29F3B76000C85B54 /* TableViewCell.swift */; };
/* End PBXBuildFile section */

/* Begin PBXFileReference section */
		1B31D31F29F49216008C0AF3 /* TableViewCell2.swift */ = {isa = PBXFileReference; lastKnownFileType = sourcecode.swift; path = TableViewCell2.swift; sourceTree = "<group>"; };
		1B31D32029F49216008C0AF3 /* TableViewCell2.xib */ = {isa = PBXFileReference; lastKnownFileType = file.xib; path = TableViewCell2.xib; sourceTree = "<group>"; };
		1B69F05029F3499D00C85B54 /* Insta.app */ = {isa = PBXFileReference; explicitFileType = wrapper.application; includeInIndex = 0; path = Insta.app; sourceTree = BUILT_PRODUCTS_DIR; };
		1B69F05329F3499D00C85B54 /* AppDelegate.swift */ = {isa = PBXFileReference; lastKnownFileType = sourcecode.swift; path = AppDelegate.swift; sourceTree = "<group>"; };
		1B69F05529F3499D00C85B54 /* SceneDelegate.swift */ = {isa = PBXFileReference; lastKnownFileType = sourcecode.swift; path = SceneDelegate.swift; sourceTree = "<group>"; };
		1B69F05A29F3499D00C85B54 /* Base */ = {isa = PBXFileReference; lastKnownFileType = file.storyboard; name = Base; path = Base.lproj/Main.storyboard; sourceTree = "<group>"; };
		1B69F05C29F3499E00C85B54 /* Assets.xcassets */ = {isa = PBXFileReference; lastKnownFileType = folder.assetcatalog; path = Assets.xcassets; sourceTree = "<group>"; };
		1B69F05F29F3499E00C85B54 /* Base */ = {isa = PBXFileReference; lastKnownFileType = file.storyboard; name = Base; path = Base.lproj/LaunchScreen.storyboard; sourceTree = "<group>"; };
		1B69F06129F3499E00C85B54 /* Info.plist */ = {isa = PBXFileReference; lastKnownFileType = text.plist.xml; path = Info.plist; sourceTree = "<group>"; };
		1B69F06729F34C8900C85B54 /* HomeViewController.swift */ = {isa = PBXFileReference; lastKnownFileType = sourcecode.swift; path = HomeViewController.swift; sourceTree = "<group>"; };
		1B69F06929F34C9B00C85B54 /* UploadImageViewController.swift */ = {isa = PBXFileReference; lastKnownFileType = sourcecode.swift; path = UploadImageViewController.swift; sourceTree = "<group>"; };
		1B69F06B29F37DC700C85B54 /* UploadImageProtocol.swift */ = {isa = PBXFileReference; lastKnownFileType = sourcecode.swift; path = UploadImageProtocol.swift; sourceTree = "<group>"; };
		1B69F06D29F3898800C85B54 /* TabBarViewController.swift */ = {isa = PBXFileReference; lastKnownFileType = sourcecode.swift; path = TabBarViewController.swift; sourceTree = "<group>"; };
		1B69F06F29F3B76000C85B54 /* TableViewCell.swift */ = {isa = PBXFileReference; lastKnownFileType = sourcecode.swift; path = TableViewCell.swift; sourceTree = "<group>"; };
/* End PBXFileReference section */

/* Begin PBXFrameworksBuildPhase section */
		1B69F04D29F3499D00C85B54 /* Frameworks */ = {
			isa = PBXFrameworksBuildPhase;
			buildActionMask = 2147483647;
			files = (
			);
			runOnlyForDeploymentPostprocessing = 0;
		};
/* End PBXFrameworksBuildPhase section */

/* Begin PBXGroup section */
		1B69F04729F3499D00C85B54 = {
			isa = PBXGroup;
			children = (
				1B69F05229F3499D00C85B54 /* Insta */,
				1B69F05129F3499D00C85B54 /* Products */,
			);
			sourceTree = "<group>";
		};
		1B69F05129F3499D00C85B54 /* Products */ = {
			isa = PBXGroup;
			children = (
				1B69F05029F3499D00C85B54 /* Insta.app */,
			);
			name = Products;
			sourceTree = "<group>";
		};
		1B69F05229F3499D00C85B54 /* Insta */ = {
			isa = PBXGroup;
			children = (
				1B69F05329F3499D00C85B54 /* AppDelegate.swift */,
				1B69F05529F3499D00C85B54 /* SceneDelegate.swift */,
				1B69F05929F3499D00C85B54 /* Main.storyboard */,
				1B69F05C29F3499E00C85B54 /* Assets.xcassets */,
				1B69F05E29F3499E00C85B54 /* LaunchScreen.storyboard */,
				1B69F06129F3499E00C85B54 /* Info.plist */,
				1B69F06729F34C8900C85B54 /* HomeViewController.swift */,
				1B69F06929F34C9B00C85B54 /* UploadImageViewController.swift */,
				1B69F06B29F37DC700C85B54 /* UploadImageProtocol.swift */,
				1B69F06D29F3898800C85B54 /* TabBarViewController.swift */,
				1B69F06F29F3B76000C85B54 /* TableViewCell.swift */,
				1B31D31F29F49216008C0AF3 /* TableViewCell2.swift */,
				1B31D32029F49216008C0AF3 /* TableViewCell2.xib */,
			);
			path = Insta;
			sourceTree = "<group>";
		};
/* End PBXGroup section */

/* Begin PBXNativeTarget section */
		1B69F04F29F3499D00C85B54 /* Insta */ = {
			isa = PBXNativeTarget;
			buildConfigurationList = 1B69F06429F3499E00C85B54 /* Build configuration list for PBXNativeTarget "Insta" */;
			buildPhases = (
				1B69F04C29F3499D00C85B54 /* Sources */,
				1B69F04D29F3499D00C85B54 /* Frameworks */,
				1B69F04E29F3499D00C85B54 /* Resources */,
			);
			buildRules = (
			);
			dependencies = (
			);
			name = Insta;
			productName = Insta;
			productReference = 1B69F05029F3499D00C85B54 /* Insta.app */;
			productType = "com.apple.product-type.application";
		};
/* End PBXNativeTarget section */

/* Begin PBXProject section */
		1B69F04829F3499D00C85B54 /* Project object */ = {
			isa = PBXProject;
			attributes = {
				BuildIndependentTargetsInParallel = 1;
				LastSwiftUpdateCheck = 1430;
				LastUpgradeCheck = 1430;
				TargetAttributes = {
					1B69F04F29F3499D00C85B54 = {
						CreatedOnToolsVersion = 14.3;
					};
				};
			};
			buildConfigurationList = 1B69F04B29F3499D00C85B54 /* Build configuration list for PBXProject "Insta" */;
			compatibilityVersion = "Xcode 14.0";
			developmentRegion = en;
			hasScannedForEncodings = 0;
			knownRegions = (
				en,
				Base,
			);
			mainGroup = 1B69F04729F3499D00C85B54;
			productRefGroup = 1B69F05129F3499D00C85B54 /* Products */;
			projectDirPath = "";
			projectRoot = "";
			targets = (
				1B69F04F29F3499D00C85B54 /* Insta */,
			);
		};
/* End PBXProject section */

/* Begin PBXResourcesBuildPhase section */
		1B69F04E29F3499D00C85B54 /* Resources */ = {
			isa = PBXResourcesBuildPhase;
			buildActionMask = 2147483647;
			files = (
				1B31D32229F49216008C0AF3 /* TableViewCell2.xib in Resources */,
				1B69F06029F3499E00C85B54 /* LaunchScreen.storyboard in Resources */,
				1B69F05D29F3499E00C85B54 /* Assets.xcassets in Resources */,
				1B69F05B29F3499D00C85B54 /* Main.storyboard in Resources */,
			);
			runOnlyForDeploymentPostprocessing = 0;
		};
/* End PBXResourcesBuildPhase section */

/* Begin PBXSourcesBuildPhase section */
		1B69F04C29F3499D00C85B54 /* Sources */ = {
			isa = PBXSourcesBuildPhase;
			buildActionMask = 2147483647;
			files = (
				1B69F05429F3499D00C85B54 /* AppDelegate.swift in Sources */,
				1B69F06A29F34C9B00C85B54 /* UploadImageViewController.swift in Sources */,
				1B69F06C29F37DC700C85B54 /* UploadImageProtocol.swift in Sources */,
				1B69F05629F3499D00C85B54 /* SceneDelegate.swift in Sources */,
				1B31D32129F49216008C0AF3 /* TableViewCell2.swift in Sources */,
				1B69F06E29F3898900C85B54 /* TabBarViewController.swift in Sources */,
				1B69F07029F3B76000C85B54 /* TableViewCell.swift in Sources */,
				1B69F06829F34C8900C85B54 /* HomeViewController.swift in Sources */,
			);
			runOnlyForDeploymentPostprocessing = 0;
		};
/* End PBXSourcesBuildPhase section */

/* Begin PBXVariantGroup section */
		1B69F05929F3499D00C85B54 /* Main.storyboard */ = {
			isa = PBXVariantGroup;
			children = (
				1B69F05A29F3499D00C85B54 /* Base */,
			);
			name = Main.storyboard;
			sourceTree = "<group>";
		};
		1B69F05E29F3499E00C85B54 /* LaunchScreen.storyboard */ = {
			isa = PBXVariantGroup;
			children = (
				1B69F05F29F3499E00C85B54 /* Base */,
			);
			name = LaunchScreen.storyboard;
			sourceTree = "<group>";
		};
/* End PBXVariantGroup section */

/* Begin XCBuildConfiguration section */
		1B69F06229F3499E00C85B54 /* Debug */ = {
			isa = XCBuildConfiguration;
			buildSettings = {
				ALWAYS_SEARCH_USER_PATHS = NO;
				CLANG_ANALYZER_NONNULL = YES;
				CLANG_ANALYZER_NUMBER_OBJECT_CONVERSION = YES_AGGRESSIVE;
				CLANG_CXX_LANGUAGE_STANDARD = "gnu++20";
				CLANG_ENABLE_MODULES = YES;
				CLANG_ENABLE_OBJC_ARC = YES;
				CLANG_ENABLE_OBJC_WEAK = YES;
				CLANG_WARN_BLOCK_CAPTURE_AUTORELEASING = YES;
				CLANG_WARN_BOOL_CONVERSION = YES;
				CLANG_WARN_COMMA = YES;
				CLANG_WARN_CONSTANT_CONVERSION = YES;
				CLANG_WARN_DEPRECATED_OBJC_IMPLEMENTATIONS = YES;
				CLANG_WARN_DIRECT_OBJC_ISA_USAGE = YES_ERROR;
				CLANG_WARN_DOCUMENTATION_COMMENTS = YES;
				CLANG_WARN_EMPTY_BODY = YES;
				CLANG_WARN_ENUM_CONVERSION = YES;
				CLANG_WARN_INFINITE_RECURSION = YES;
				CLANG_WARN_INT_CONVERSION = YES;
				CLANG_WARN_NON_LITERAL_NULL_CONVERSION = YES;
				CLANG_WARN_OBJC_IMPLICIT_RETAIN_SELF = YES;
				CLANG_WARN_OBJC_LITERAL_CONVERSION = YES;
				CLANG_WARN_OBJC_ROOT_CLASS = YES_ERROR;
				CLANG_WARN_QUOTED_INCLUDE_IN_FRAMEWORK_HEADER = YES;
				CLANG_WARN_RANGE_LOOP_ANALYSIS = YES;
				CLANG_WARN_STRICT_PROTOTYPES = YES;
				CLANG_WARN_SUSPICIOUS_MOVE = YES;
				CLANG_WARN_UNGUARDED_AVAILABILITY = YES_AGGRESSIVE;
				CLANG_WARN_UNREACHABLE_CODE = YES;
				CLANG_WARN__DUPLICATE_METHOD_MATCH = YES;
				COPY_PHASE_STRIP = NO;
				DEBUG_INFORMATION_FORMAT = dwarf;
				ENABLE_STRICT_OBJC_MSGSEND = YES;
				ENABLE_TESTABILITY = YES;
				GCC_C_LANGUAGE_STANDARD = gnu11;
				GCC_DYNAMIC_NO_PIC = NO;
				GCC_NO_COMMON_BLOCKS = YES;
				GCC_OPTIMIZATION_LEVEL = 0;
				GCC_PREPROCESSOR_DEFINITIONS = (
					"DEBUG=1",
					"$(inherited)",
				);
				GCC_WARN_64_TO_32_BIT_CONVERSION = YES;
				GCC_WARN_ABOUT_RETURN_TYPE = YES_ERROR;
				GCC_WARN_UNDECLARED_SELECTOR = YES;
				GCC_WARN_UNINITIALIZED_AUTOS = YES_AGGRESSIVE;
				GCC_WARN_UNUSED_FUNCTION = YES;
				GCC_WARN_UNUSED_VARIABLE = YES;
				IPHONEOS_DEPLOYMENT_TARGET = 16.4;
				MTL_ENABLE_DEBUG_INFO = INCLUDE_SOURCE;
				MTL_FAST_MATH = YES;
				ONLY_ACTIVE_ARCH = YES;
				SDKROOT = iphoneos;
				SWIFT_ACTIVE_COMPILATION_CONDITIONS = DEBUG;
				SWIFT_OPTIMIZATION_LEVEL = "-Onone";
			};
			name = Debug;
		};
		1B69F06329F3499E00C85B54 /* Release */ = {
			isa = XCBuildConfiguration;
			buildSettings = {
				ALWAYS_SEARCH_USER_PATHS = NO;
				CLANG_ANALYZER_NONNULL = YES;
				CLANG_ANALYZER_NUMBER_OBJECT_CONVERSION = YES_AGGRESSIVE;
				CLANG_CXX_LANGUAGE_STANDARD = "gnu++20";
				CLANG_ENABLE_MODULES = YES;
				CLANG_ENABLE_OBJC_ARC = YES;
				CLANG_ENABLE_OBJC_WEAK = YES;
				CLANG_WARN_BLOCK_CAPTURE_AUTORELEASING = YES;
				CLANG_WARN_BOOL_CONVERSION = YES;
				CLANG_WARN_COMMA = YES;
				CLANG_WARN_CONSTANT_CONVERSION = YES;
				CLANG_WARN_DEPRECATED_OBJC_IMPLEMENTATIONS = YES;
				CLANG_WARN_DIRECT_OBJC_ISA_USAGE = YES_ERROR;
				CLANG_WARN_DOCUMENTATION_COMMENTS = YES;
				CLANG_WARN_EMPTY_BODY = YES;
				CLANG_WARN_ENUM_CONVERSION = YES;
				CLANG_WARN_INFINITE_RECURSION = YES;
				CLANG_WARN_INT_CONVERSION = YES;
				CLANG_WARN_NON_LITERAL_NULL_CONVERSION = YES;
				CLANG_WARN_OBJC_IMPLICIT_RETAIN_SELF = YES;
				CLANG_WARN_OBJC_LITERAL_CONVERSION = YES;
				CLANG_WARN_OBJC_ROOT_CLASS = YES_ERROR;
				CLANG_WARN_QUOTED_INCLUDE_IN_FRAMEWORK_HEADER = YES;
				CLANG_WARN_RANGE_LOOP_ANALYSIS = YES;
				CLANG_WARN_STRICT_PROTOTYPES = YES;
				CLANG_WARN_SUSPICIOUS_MOVE = YES;
				CLANG_WARN_UNGUARDED_AVAILABILITY = YES_AGGRESSIVE;
				CLANG_WARN_UNREACHABLE_CODE = YES;
				CLANG_WARN__DUPLICATE_METHOD_MATCH = YES;
				COPY_PHASE_STRIP = NO;
				DEBUG_INFORMATION_FORMAT = "dwarf-with-dsym";
				ENABLE_NS_ASSERTIONS = NO;
				ENABLE_STRICT_OBJC_MSGSEND = YES;
				GCC_C_LANGUAGE_STANDARD = gnu11;
				GCC_NO_COMMON_BLOCKS = YES;
				GCC_WARN_64_TO_32_BIT_CONVERSION = YES;
				GCC_WARN_ABOUT_RETURN_TYPE = YES_ERROR;
				GCC_WARN_UNDECLARED_SELECTOR = YES;
				GCC_WARN_UNINITIALIZED_AUTOS = YES_AGGRESSIVE;
				GCC_WARN_UNUSED_FUNCTION = YES;
				GCC_WARN_UNUSED_VARIABLE = YES;
				IPHONEOS_DEPLOYMENT_TARGET = 16.4;
				MTL_ENABLE_DEBUG_INFO = NO;
				MTL_FAST_MATH = YES;
				SDKROOT = iphoneos;
				SWIFT_COMPILATION_MODE = wholemodule;
				SWIFT_OPTIMIZATION_LEVEL = "-O";
				VALIDATE_PRODUCT = YES;
			};
			name = Release;
		};
		1B69F06529F3499E00C85B54 /* Debug */ = {
			isa = XCBuildConfiguration;
			buildSettings = {
				ASSETCATALOG_COMPILER_APPICON_NAME = AppIcon;
				ASSETCATALOG_COMPILER_GLOBAL_ACCENT_COLOR_NAME = AccentColor;
				CODE_SIGN_STYLE = Automatic;
				CURRENT_PROJECT_VERSION = 1;
				DEVELOPMENT_TEAM = W5MT7QQ9QH;
				GENERATE_INFOPLIST_FILE = YES;
				INFOPLIST_FILE = Insta/Info.plist;
				INFOPLIST_KEY_UIApplicationSupportsIndirectInputEvents = YES;
				INFOPLIST_KEY_UILaunchStoryboardName = LaunchScreen;
				INFOPLIST_KEY_UIMainStoryboardFile = Main;
				INFOPLIST_KEY_UISupportedInterfaceOrientations_iPad = "UIInterfaceOrientationPortrait UIInterfaceOrientationPortraitUpsideDown UIInterfaceOrientationLandscapeLeft UIInterfaceOrientationLandscapeRight";
				INFOPLIST_KEY_UISupportedInterfaceOrientations_iPhone = "UIInterfaceOrientationPortrait UIInterfaceOrientationLandscapeLeft UIInterfaceOrientationLandscapeRight";
				LD_RUNPATH_SEARCH_PATHS = (
					"$(inherited)",
					"@executable_path/Frameworks",
				);
				MARKETING_VERSION = 1.0;
				PRODUCT_BUNDLE_IDENTIFIER = edu.northeastern.yao.Insta;
				PRODUCT_NAME = "$(TARGET_NAME)";
				SWIFT_EMIT_LOC_STRINGS = YES;
				SWIFT_VERSION = 5.0;
				TARGETED_DEVICE_FAMILY = "1,2";
			};
			name = Debug;
		};
		1B69F06629F3499E00C85B54 /* Release */ = {
			isa = XCBuildConfiguration;
			buildSettings = {
				ASSETCATALOG_COMPILER_APPICON_NAME = AppIcon;
				ASSETCATALOG_COMPILER_GLOBAL_ACCENT_COLOR_NAME = AccentColor;
				CODE_SIGN_STYLE = Automatic;
				CURRENT_PROJECT_VERSION = 1;
				DEVELOPMENT_TEAM = W5MT7QQ9QH;
				GENERATE_INFOPLIST_FILE = YES;
				INFOPLIST_FILE = Insta/Info.plist;
				INFOPLIST_KEY_UIApplicationSupportsIndirectInputEvents = YES;
				INFOPLIST_KEY_UILaunchStoryboardName = LaunchScreen;
				INFOPLIST_KEY_UIMainStoryboardFile = Main;
				INFOPLIST_KEY_UISupportedInterfaceOrientations_iPad = "UIInterfaceOrientationPortrait UIInterfaceOrientationPortraitUpsideDown UIInterfaceOrientationLandscapeLeft UIInterfaceOrientationLandscapeRight";
				INFOPLIST_KEY_UISupportedInterfaceOrientations_iPhone = "UIInterfaceOrientationPortrait UIInterfaceOrientationLandscapeLeft UIInterfaceOrientationLandscapeRight";
				LD_RUNPATH_SEARCH_PATHS = (
					"$(inherited)",
					"@executable_path/Frameworks",
				);
				MARKETING_VERSION = 1.0;
				PRODUCT_BUNDLE_IDENTIFIER = edu.northeastern.yao.Insta;
				PRODUCT_NAME = "$(TARGET_NAME)";
				SWIFT_EMIT_LOC_STRINGS = YES;
				SWIFT_VERSION = 5.0;
				TARGETED_DEVICE_FAMILY = "1,2";
			};
			name = Release;
		};
/* End XCBuildConfiguration section */

/* Begin XCConfigurationList section */
		1B69F04B29F3499D00C85B54 /* Build configuration list for PBXProject "Insta" */ = {
			isa = XCConfigurationList;
			buildConfigurations = (
				1B69F06229F3499E00C85B54 /* Debug */,
				1B69F06329F3499E00C85B54 /* Release */,
			);
			defaultConfigurationIsVisible = 0;
			defaultConfigurationName = Release;
		};
		1B69F06429F3499E00C85B54 /* Build configuration list for PBXNativeTarget "Insta" */ = {
			isa = XCConfigurationList;
			buildConfigurations = (
				1B69F06529F3499E00C85B54 /* Debug */,
				1B69F06629F3499E00C85B54 /* Release */,
			);
			defaultConfigurationIsVisible = 0;
			defaultConfigurationName = Release;
		};
/* End XCConfigurationList section */
	};
	rootObject = 1B69F04829F3499D00C85B54 /* Project object */;
}
